// !$*UTF8*$!
{
	archiveVersion = 1;
	classes = {
	};
	objectVersion = 50;
	objects = {

/* Begin PBXBuildFile section */
		5B32852F228D3DCE00351A14 /* XMGLoginRegisterViewController.m in Sources */ = {isa = PBXBuildFile; fileRef = 5B32852D228D3DCE00351A14 /* XMGLoginRegisterViewController.m */; };
		5B328530228D3DCE00351A14 /* XMGLoginRegisterViewController.xib in Resources */ = {isa = PBXBuildFile; fileRef = 5B32852E228D3DCE00351A14 /* XMGLoginRegisterViewController.xib */; };
		5B5C3E022287B9D800E8C046 /* AppDelegate.m in Sources */ = {isa = PBXBuildFile; fileRef = 5B5C3E012287B9D800E8C046 /* AppDelegate.m */; };
		5B5C3E082287B9D800E8C046 /* Main.storyboard in Resources */ = {isa = PBXBuildFile; fileRef = 5B5C3E062287B9D800E8C046 /* Main.storyboard */; };
		5B5C3E0A2287B9DA00E8C046 /* Assets.xcassets in Resources */ = {isa = PBXBuildFile; fileRef = 5B5C3E092287B9DA00E8C046 /* Assets.xcassets */; };
		5B5C3E0D2287B9DA00E8C046 /* LaunchScreen.storyboard in Resources */ = {isa = PBXBuildFile; fileRef = 5B5C3E0B2287B9DA00E8C046 /* LaunchScreen.storyboard */; };
		5B5C3E102287B9DA00E8C046 /* main.m in Sources */ = {isa = PBXBuildFile; fileRef = 5B5C3E0F2287B9DA00E8C046 /* main.m */; };
		5B5C3E1A2287B9DA00E8C046 /* _____Tests.m in Sources */ = {isa = PBXBuildFile; fileRef = 5B5C3E192287B9DA00E8C046 /* _____Tests.m */; };
		5B5C3E252287B9DA00E8C046 /* _____UITests.m in Sources */ = {isa = PBXBuildFile; fileRef = 5B5C3E242287B9DA00E8C046 /* _____UITests.m */; };
		5B952DFF22882D64006BE88B /* XMGTabBarController.m in Sources */ = {isa = PBXBuildFile; fileRef = 5B952DFE22882D64006BE88B /* XMGTabBarController.m */; };
		5B952E0222883AD6006BE88B /* XMGViewController.m in Sources */ = {isa = PBXBuildFile; fileRef = 5B952E0122883AD6006BE88B /* XMGViewController.m */; };
		5BB3E0BC228AA77F0006C0AB /* XMGTabBar.m in Sources */ = {isa = PBXBuildFile; fileRef = 5BB3E0BB228AA77F0006C0AB /* XMGTabBar.m */; };
		5BB3E0BF228ADA220006C0AB /* XMGEssenceViewController.m in Sources */ = {isa = PBXBuildFile; fileRef = 5BB3E0BE228ADA220006C0AB /* XMGEssenceViewController.m */; };
		5BB3E0C2228ADA2F0006C0AB /* XMGNewViewController.m in Sources */ = {isa = PBXBuildFile; fileRef = 5BB3E0C1228ADA2E0006C0AB /* XMGNewViewController.m */; };
		5BB3E0C5228ADA3A0006C0AB /* XMGFriendTrendsViewController.m in Sources */ = {isa = PBXBuildFile; fileRef = 5BB3E0C4228ADA3A0006C0AB /* XMGFriendTrendsViewController.m */; };
		5BB3E0C8228ADA470006C0AB /* XMGMeViewController.m in Sources */ = {isa = PBXBuildFile; fileRef = 5BB3E0C7228ADA470006C0AB /* XMGMeViewController.m */; };
		5BB3E0D8228AE38A0006C0AB /* XMGNavigationController.m in Sources */ = {isa = PBXBuildFile; fileRef = 5BB3E0D7228AE38A0006C0AB /* XMGNavigationController.m */; };
		5BB3E0DB228AE6110006C0AB /* UIView+Layout.m in Sources */ = {isa = PBXBuildFile; fileRef = 5BB3E0D9228AE6110006C0AB /* UIView+Layout.m */; };
		5BB3E0DF228AEDE50006C0AB /* UIBarButtonItem+XMGExtension.m in Sources */ = {isa = PBXBuildFile; fileRef = 5BB3E0DE228AEDE50006C0AB /* UIBarButtonItem+XMGExtension.m */; };
		5BD0329D228BC3D000CFAC35 /* XMGRecommendFollowViewController.m in Sources */ = {isa = PBXBuildFile; fileRef = 5BD0329C228BC3D000CFAC35 /* XMGRecommendFollowViewController.m */; };
		5BD032A1228C3A7A00CFAC35 /* XMGFriendTrendsViewController.xib in Resources */ = {isa = PBXBuildFile; fileRef = 5BD032A0228C3A7A00CFAC35 /* XMGFriendTrendsViewController.xib */; };
		6E444190CAE90D3084059325 /* libPods-百思不得姐.a in Frameworks */ = {isa = PBXBuildFile; fileRef = 51731C1DF77071C97B7AE313 /* libPods-百思不得姐.a */; };
/* End PBXBuildFile section */

/* Begin PBXContainerItemProxy section */
		5B5C3E162287B9DA00E8C046 /* PBXContainerItemProxy */ = {
			isa = PBXContainerItemProxy;
			containerPortal = 5B5C3DF52287B9D800E8C046 /* Project object */;
			proxyType = 1;
			remoteGlobalIDString = 5B5C3DFC2287B9D800E8C046;
			remoteInfo = "百思不得姐";
		};
		5B5C3E212287B9DA00E8C046 /* PBXContainerItemProxy */ = {
			isa = PBXContainerItemProxy;
			containerPortal = 5B5C3DF52287B9D800E8C046 /* Project object */;
			proxyType = 1;
			remoteGlobalIDString = 5B5C3DFC2287B9D800E8C046;
			remoteInfo = "百思不得姐";
		};
/* End PBXContainerItemProxy section */

/* Begin PBXFileReference section */
		4DE33C3828947D7BA4337671 /* Pods-百思不得姐.debug.xcconfig */ = {isa = PBXFileReference; includeInIndex = 1; lastKnownFileType = text.xcconfig; name = "Pods-百思不得姐.debug.xcconfig"; path = "Pods/Target Support Files/Pods-百思不得姐/Pods-百思不得姐.debug.xcconfig"; sourceTree = "<group>"; };
		51731C1DF77071C97B7AE313 /* libPods-百思不得姐.a */ = {isa = PBXFileReference; explicitFileType = archive.ar; includeInIndex = 0; path = "libPods-百思不得姐.a"; sourceTree = BUILT_PRODUCTS_DIR; };
		5B32852C228D3DCE00351A14 /* XMGLoginRegisterViewController.h */ = {isa = PBXFileReference; lastKnownFileType = sourcecode.c.h; path = XMGLoginRegisterViewController.h; sourceTree = "<group>"; };
		5B32852D228D3DCE00351A14 /* XMGLoginRegisterViewController.m */ = {isa = PBXFileReference; lastKnownFileType = sourcecode.c.objc; path = XMGLoginRegisterViewController.m; sourceTree = "<group>"; };
		5B32852E228D3DCE00351A14 /* XMGLoginRegisterViewController.xib */ = {isa = PBXFileReference; lastKnownFileType = file.xib; path = XMGLoginRegisterViewController.xib; sourceTree = "<group>"; };
		5B5C3DFD2287B9D800E8C046 /* 百思不得姐.app */ = {isa = PBXFileReference; explicitFileType = wrapper.application; includeInIndex = 0; path = "百思不得姐.app"; sourceTree = BUILT_PRODUCTS_DIR; };
		5B5C3E002287B9D800E8C046 /* AppDelegate.h */ = {isa = PBXFileReference; lastKnownFileType = sourcecode.c.h; path = AppDelegate.h; sourceTree = "<group>"; };
		5B5C3E012287B9D800E8C046 /* AppDelegate.m */ = {isa = PBXFileReference; lastKnownFileType = sourcecode.c.objc; path = AppDelegate.m; sourceTree = "<group>"; };
		5B5C3E072287B9D800E8C046 /* Base */ = {isa = PBXFileReference; lastKnownFileType = file.storyboard; name = Base; path = Base.lproj/Main.storyboard; sourceTree = "<group>"; };
		5B5C3E092287B9DA00E8C046 /* Assets.xcassets */ = {isa = PBXFileReference; lastKnownFileType = folder.assetcatalog; path = Assets.xcassets; sourceTree = "<group>"; };
		5B5C3E0C2287B9DA00E8C046 /* Base */ = {isa = PBXFileReference; lastKnownFileType = file.storyboard; name = Base; path = Base.lproj/LaunchScreen.storyboard; sourceTree = "<group>"; };
		5B5C3E0E2287B9DA00E8C046 /* Info.plist */ = {isa = PBXFileReference; lastKnownFileType = text.plist.xml; path = Info.plist; sourceTree = "<group>"; };
		5B5C3E0F2287B9DA00E8C046 /* main.m */ = {isa = PBXFileReference; lastKnownFileType = sourcecode.c.objc; path = main.m; sourceTree = "<group>"; };
		5B5C3E152287B9DA00E8C046 /* 百思不得姐Tests.xctest */ = {isa = PBXFileReference; explicitFileType = wrapper.cfbundle; includeInIndex = 0; path = "百思不得姐Tests.xctest"; sourceTree = BUILT_PRODUCTS_DIR; };
		5B5C3E192287B9DA00E8C046 /* _____Tests.m */ = {isa = PBXFileReference; lastKnownFileType = sourcecode.c.objc; path = "_____Tests.m"; sourceTree = "<group>"; };
		5B5C3E1B2287B9DA00E8C046 /* Info.plist */ = {isa = PBXFileReference; lastKnownFileType = text.plist.xml; path = Info.plist; sourceTree = "<group>"; };
		5B5C3E202287B9DA00E8C046 /* 百思不得姐UITests.xctest */ = {isa = PBXFileReference; explicitFileType = wrapper.cfbundle; includeInIndex = 0; path = "百思不得姐UITests.xctest"; sourceTree = BUILT_PRODUCTS_DIR; };
		5B5C3E242287B9DA00E8C046 /* _____UITests.m */ = {isa = PBXFileReference; lastKnownFileType = sourcecode.c.objc; path = "_____UITests.m"; sourceTree = "<group>"; };
		5B5C3E262287B9DA00E8C046 /* Info.plist */ = {isa = PBXFileReference; lastKnownFileType = text.plist.xml; path = Info.plist; sourceTree = "<group>"; };
		5B952DFD22882D64006BE88B /* XMGTabBarController.h */ = {isa = PBXFileReference; lastKnownFileType = sourcecode.c.h; path = XMGTabBarController.h; sourceTree = "<group>"; };
		5B952DFE22882D64006BE88B /* XMGTabBarController.m */ = {isa = PBXFileReference; lastKnownFileType = sourcecode.c.objc; path = XMGTabBarController.m; sourceTree = "<group>"; };
		5B952E0022883AD6006BE88B /* XMGViewController.h */ = {isa = PBXFileReference; lastKnownFileType = sourcecode.c.h; path = XMGViewController.h; sourceTree = "<group>"; };
		5B952E0122883AD6006BE88B /* XMGViewController.m */ = {isa = PBXFileReference; lastKnownFileType = sourcecode.c.objc; path = XMGViewController.m; sourceTree = "<group>"; };
		5BB3E0BA228AA77F0006C0AB /* XMGTabBar.h */ = {isa = PBXFileReference; lastKnownFileType = sourcecode.c.h; path = XMGTabBar.h; sourceTree = "<group>"; };
		5BB3E0BB228AA77F0006C0AB /* XMGTabBar.m */ = {isa = PBXFileReference; lastKnownFileType = sourcecode.c.objc; path = XMGTabBar.m; sourceTree = "<group>"; };
		5BB3E0BD228ADA220006C0AB /* XMGEssenceViewController.h */ = {isa = PBXFileReference; lastKnownFileType = sourcecode.c.h; path = XMGEssenceViewController.h; sourceTree = "<group>"; };
		5BB3E0BE228ADA220006C0AB /* XMGEssenceViewController.m */ = {isa = PBXFileReference; lastKnownFileType = sourcecode.c.objc; path = XMGEssenceViewController.m; sourceTree = "<group>"; };
		5BB3E0C0228ADA2E0006C0AB /* XMGNewViewController.h */ = {isa = PBXFileReference; lastKnownFileType = sourcecode.c.h; path = XMGNewViewController.h; sourceTree = "<group>"; };
		5BB3E0C1228ADA2E0006C0AB /* XMGNewViewController.m */ = {isa = PBXFileReference; lastKnownFileType = sourcecode.c.objc; path = XMGNewViewController.m; sourceTree = "<group>"; };
		5BB3E0C3228ADA3A0006C0AB /* XMGFriendTrendsViewController.h */ = {isa = PBXFileReference; lastKnownFileType = sourcecode.c.h; path = XMGFriendTrendsViewController.h; sourceTree = "<group>"; };
		5BB3E0C4228ADA3A0006C0AB /* XMGFriendTrendsViewController.m */ = {isa = PBXFileReference; lastKnownFileType = sourcecode.c.objc; path = XMGFriendTrendsViewController.m; sourceTree = "<group>"; };
		5BB3E0C6228ADA470006C0AB /* XMGMeViewController.h */ = {isa = PBXFileReference; lastKnownFileType = sourcecode.c.h; path = XMGMeViewController.h; sourceTree = "<group>"; };
		5BB3E0C7228ADA470006C0AB /* XMGMeViewController.m */ = {isa = PBXFileReference; lastKnownFileType = sourcecode.c.objc; path = XMGMeViewController.m; sourceTree = "<group>"; };
		5BB3E0D6228AE38A0006C0AB /* XMGNavigationController.h */ = {isa = PBXFileReference; lastKnownFileType = sourcecode.c.h; path = XMGNavigationController.h; sourceTree = "<group>"; };
		5BB3E0D7228AE38A0006C0AB /* XMGNavigationController.m */ = {isa = PBXFileReference; lastKnownFileType = sourcecode.c.objc; path = XMGNavigationController.m; sourceTree = "<group>"; };
		5BB3E0D9228AE6110006C0AB /* UIView+Layout.m */ = {isa = PBXFileReference; fileEncoding = 4; lastKnownFileType = sourcecode.c.objc; path = "UIView+Layout.m"; sourceTree = "<group>"; };
		5BB3E0DA228AE6110006C0AB /* UIView+Layout.h */ = {isa = PBXFileReference; fileEncoding = 4; lastKnownFileType = sourcecode.c.h; path = "UIView+Layout.h"; sourceTree = "<group>"; };
		5BB3E0DD228AEDE50006C0AB /* UIBarButtonItem+XMGExtension.h */ = {isa = PBXFileReference; lastKnownFileType = sourcecode.c.h; path = "UIBarButtonItem+XMGExtension.h"; sourceTree = "<group>"; };
		5BB3E0DE228AEDE50006C0AB /* UIBarButtonItem+XMGExtension.m */ = {isa = PBXFileReference; lastKnownFileType = sourcecode.c.objc; path = "UIBarButtonItem+XMGExtension.m"; sourceTree = "<group>"; };
		5BD0329B228BC3D000CFAC35 /* XMGRecommendFollowViewController.h */ = {isa = PBXFileReference; lastKnownFileType = sourcecode.c.h; path = XMGRecommendFollowViewController.h; sourceTree = "<group>"; };
		5BD0329C228BC3D000CFAC35 /* XMGRecommendFollowViewController.m */ = {isa = PBXFileReference; lastKnownFileType = sourcecode.c.objc; path = XMGRecommendFollowViewController.m; sourceTree = "<group>"; };
		5BD032A0228C3A7A00CFAC35 /* XMGFriendTrendsViewController.xib */ = {isa = PBXFileReference; lastKnownFileType = file.xib; path = XMGFriendTrendsViewController.xib; sourceTree = "<group>"; };
		5BE6B6F922898F8200E62A64 /* PrefixHeader.pch */ = {isa = PBXFileReference; lastKnownFileType = sourcecode.c.h; path = PrefixHeader.pch; sourceTree = "<group>"; };
		EF67C36E3BBF14F734066AC6 /* Pods-百思不得姐.release.xcconfig */ = {isa = PBXFileReference; includeInIndex = 1; lastKnownFileType = text.xcconfig; name = "Pods-百思不得姐.release.xcconfig"; path = "Pods/Target Support Files/Pods-百思不得姐/Pods-百思不得姐.release.xcconfig"; sourceTree = "<group>"; };
/* End PBXFileReference section */

/* Begin PBXFrameworksBuildPhase section */
		5B5C3DFA2287B9D800E8C046 /* Frameworks */ = {
			isa = PBXFrameworksBuildPhase;
			buildActionMask = 2147483647;
			files = (
				6E444190CAE90D3084059325 /* libPods-百思不得姐.a in Frameworks */,
			);
			runOnlyForDeploymentPostprocessing = 0;
		};
		5B5C3E122287B9DA00E8C046 /* Frameworks */ = {
			isa = PBXFrameworksBuildPhase;
			buildActionMask = 2147483647;
			files = (
			);
			runOnlyForDeploymentPostprocessing = 0;
		};
		5B5C3E1D2287B9DA00E8C046 /* Frameworks */ = {
			isa = PBXFrameworksBuildPhase;
			buildActionMask = 2147483647;
			files = (
			);
			runOnlyForDeploymentPostprocessing = 0;
		};
/* End PBXFrameworksBuildPhase section */

/* Begin PBXGroup section */
		5B5C3DF42287B9D800E8C046 = {
			isa = PBXGroup;
			children = (
				5B5C3DFF2287B9D800E8C046 /* 百思不得姐 */,
				5B5C3E182287B9DA00E8C046 /* 百思不得姐Tests */,
				5B5C3E232287B9DA00E8C046 /* 百思不得姐UITests */,
				5B5C3DFE2287B9D800E8C046 /* Products */,
				D325E5EC302337472FC90FB5 /* Pods */,
				70D5479072F74EBC7B5BCDA0 /* Frameworks */,
			);
			sourceTree = "<group>";
		};
		5B5C3DFE2287B9D800E8C046 /* Products */ = {
			isa = PBXGroup;
			children = (
				5B5C3DFD2287B9D800E8C046 /* 百思不得姐.app */,
				5B5C3E152287B9DA00E8C046 /* 百思不得姐Tests.xctest */,
				5B5C3E202287B9DA00E8C046 /* 百思不得姐UITests.xctest */,
			);
			name = Products;
			sourceTree = "<group>";
		};
		5B5C3DFF2287B9D800E8C046 /* 百思不得姐 */ = {
			isa = PBXGroup;
			children = (
				5B5C3E352287D1EB00E8C046 /* Classes */,
				5B5C3E362287D1F900E8C046 /* Supporting Files */,
			);
			path = "百思不得姐";
			sourceTree = "<group>";
		};
		5B5C3E182287B9DA00E8C046 /* 百思不得姐Tests */ = {
			isa = PBXGroup;
			children = (
				5B5C3E192287B9DA00E8C046 /* _____Tests.m */,
				5B5C3E1B2287B9DA00E8C046 /* Info.plist */,
			);
			path = "百思不得姐Tests";
			sourceTree = "<group>";
		};
		5B5C3E232287B9DA00E8C046 /* 百思不得姐UITests */ = {
			isa = PBXGroup;
			children = (
				5B5C3E242287B9DA00E8C046 /* _____UITests.m */,
				5B5C3E262287B9DA00E8C046 /* Info.plist */,
			);
			path = "百思不得姐UITests";
			sourceTree = "<group>";
		};
		5B5C3E352287D1EB00E8C046 /* Classes */ = {
			isa = PBXGroup;
			children = (
				5BB3E0D3228ADE570006C0AB /* New-新帖 */,
				5BB3E0D1228ADE2D0006C0AB /* Other-其它 */,
				5BB3E0CD228ADE0D0006C0AB /* Me-我 */,
				5BB3E0CB228ADDFC0006C0AB /* FriendTrends-关注 */,
				5BB3E0C9228ADDEB0006C0AB /* Essence-精华 */,
				5B952DF122880B15006BE88B /* Publish-发布 */,
				5B5C3E002287B9D800E8C046 /* AppDelegate.h */,
				5B5C3E012287B9D800E8C046 /* AppDelegate.m */,
				5B952E0022883AD6006BE88B /* XMGViewController.h */,
				5B952E0122883AD6006BE88B /* XMGViewController.m */,
			);
			path = Classes;
			sourceTree = "<group>";
		};
		5B5C3E362287D1F900E8C046 /* Supporting Files */ = {
			isa = PBXGroup;
			children = (
				5B5C3E092287B9DA00E8C046 /* Assets.xcassets */,
				5B5C3E0B2287B9DA00E8C046 /* LaunchScreen.storyboard */,
				5B5C3E062287B9D800E8C046 /* Main.storyboard */,
				5B5C3E0E2287B9DA00E8C046 /* Info.plist */,
				5B5C3E0F2287B9DA00E8C046 /* main.m */,
				5BE6B6F922898F8200E62A64 /* PrefixHeader.pch */,
			);
			path = "Supporting Files";
			sourceTree = "<group>";
		};
		5B952DF122880B15006BE88B /* Publish-发布 */ = {
			isa = PBXGroup;
			children = (
				5B952DF222880B15006BE88B /* Controller */,
				5B952DF322880B15006BE88B /* Model */,
				5B952DF422880B15006BE88B /* View */,
			);
			path = "Publish-发布";
			sourceTree = "<group>";
		};
		5B952DF222880B15006BE88B /* Controller */ = {
			isa = PBXGroup;
			children = (
			);
			path = Controller;
			sourceTree = "<group>";
		};
		5B952DF322880B15006BE88B /* Model */ = {
			isa = PBXGroup;
			children = (
			);
			path = Model;
			sourceTree = "<group>";
		};
		5B952DF422880B15006BE88B /* View */ = {
			isa = PBXGroup;
			children = (
			);
			path = View;
			sourceTree = "<group>";
		};
		5BB3E0C9228ADDEB0006C0AB /* Essence-精华 */ = {
			isa = PBXGroup;
			children = (
				5BB3E0CA228ADDEB0006C0AB /* Controller */,
			);
			path = "Essence-精华";
			sourceTree = "<group>";
		};
		5BB3E0CA228ADDEB0006C0AB /* Controller */ = {
			isa = PBXGroup;
			children = (
				5BB3E0BD228ADA220006C0AB /* XMGEssenceViewController.h */,
				5BB3E0BE228ADA220006C0AB /* XMGEssenceViewController.m */,
			);
			path = Controller;
			sourceTree = "<group>";
		};
		5BB3E0CB228ADDFC0006C0AB /* FriendTrends-关注 */ = {
			isa = PBXGroup;
			children = (
				5BB3E0CC228ADDFC0006C0AB /* Controller */,
			);
			path = "FriendTrends-关注";
			sourceTree = "<group>";
		};
		5BB3E0CC228ADDFC0006C0AB /* Controller */ = {
			isa = PBXGroup;
			children = (
				5BB3E0C3228ADA3A0006C0AB /* XMGFriendTrendsViewController.h */,
				5BB3E0C4228ADA3A0006C0AB /* XMGFriendTrendsViewController.m */,
				5BD032A0228C3A7A00CFAC35 /* XMGFriendTrendsViewController.xib */,
				5BD0329B228BC3D000CFAC35 /* XMGRecommendFollowViewController.h */,
				5BD0329C228BC3D000CFAC35 /* XMGRecommendFollowViewController.m */,
				5B32852C228D3DCE00351A14 /* XMGLoginRegisterViewController.h */,
				5B32852D228D3DCE00351A14 /* XMGLoginRegisterViewController.m */,
				5B32852E228D3DCE00351A14 /* XMGLoginRegisterViewController.xib */,
			);
			path = Controller;
			sourceTree = "<group>";
		};
		5BB3E0CD228ADE0D0006C0AB /* Me-我 */ = {
			isa = PBXGroup;
			children = (
				5BB3E0CE228ADE0D0006C0AB /* Controller */,
			);
			path = "Me-我";
			sourceTree = "<group>";
		};
		5BB3E0CE228ADE0D0006C0AB /* Controller */ = {
			isa = PBXGroup;
			children = (
				5BB3E0C6228ADA470006C0AB /* XMGMeViewController.h */,
				5BB3E0C7228ADA470006C0AB /* XMGMeViewController.m */,
			);
			path = Controller;
			sourceTree = "<group>";
		};
		5BB3E0D1228ADE2D0006C0AB /* Other-其它 */ = {
			isa = PBXGroup;
			children = (
				5BB3E0D5228ADF0A0006C0AB /* View */,
				5BB3E0D2228ADE2D0006C0AB /* Controller */,
			);
			path = "Other-其它";
			sourceTree = "<group>";
		};
		5BB3E0D2228ADE2D0006C0AB /* Controller */ = {
			isa = PBXGroup;
			children = (
				5B952DFD22882D64006BE88B /* XMGTabBarController.h */,
				5B952DFE22882D64006BE88B /* XMGTabBarController.m */,
				5BB3E0D6228AE38A0006C0AB /* XMGNavigationController.h */,
				5BB3E0D7228AE38A0006C0AB /* XMGNavigationController.m */,
			);
			path = Controller;
			sourceTree = "<group>";
		};
		5BB3E0D3228ADE570006C0AB /* New-新帖 */ = {
			isa = PBXGroup;
			children = (
				5BB3E0D4228ADE570006C0AB /* Controller */,
			);
			path = "New-新帖";
			sourceTree = "<group>";
		};
		5BB3E0D4228ADE570006C0AB /* Controller */ = {
			isa = PBXGroup;
			children = (
				5BB3E0C0228ADA2E0006C0AB /* XMGNewViewController.h */,
				5BB3E0C1228ADA2E0006C0AB /* XMGNewViewController.m */,
			);
			path = Controller;
			sourceTree = "<group>";
		};
		5BB3E0D5228ADF0A0006C0AB /* View */ = {
			isa = PBXGroup;
			children = (
				5BB3E0DA228AE6110006C0AB /* UIView+Layout.h */,
				5BB3E0D9228AE6110006C0AB /* UIView+Layout.m */,
				5BB3E0BA228AA77F0006C0AB /* XMGTabBar.h */,
				5BB3E0BB228AA77F0006C0AB /* XMGTabBar.m */,
				5BB3E0DD228AEDE50006C0AB /* UIBarButtonItem+XMGExtension.h */,
				5BB3E0DE228AEDE50006C0AB /* UIBarButtonItem+XMGExtension.m */,
			);
			path = View;
			sourceTree = "<group>";
		};
		70D5479072F74EBC7B5BCDA0 /* Frameworks */ = {
			isa = PBXGroup;
			children = (
				51731C1DF77071C97B7AE313 /* libPods-百思不得姐.a */,
			);
			name = Frameworks;
			sourceTree = "<group>";
		};
		D325E5EC302337472FC90FB5 /* Pods */ = {
			isa = PBXGroup;
			children = (
				4DE33C3828947D7BA4337671 /* Pods-百思不得姐.debug.xcconfig */,
				EF67C36E3BBF14F734066AC6 /* Pods-百思不得姐.release.xcconfig */,
			);
			name = Pods;
			sourceTree = "<group>";
		};
/* End PBXGroup section */

/* Begin PBXNativeTarget section */
		5B5C3DFC2287B9D800E8C046 /* 百思不得姐 */ = {
			isa = PBXNativeTarget;
			buildConfigurationList = 5B5C3E292287B9DA00E8C046 /* Build configuration list for PBXNativeTarget "百思不得姐" */;
			buildPhases = (
				00A311C1DD28DE81E4380F08 /* [CP] Check Pods Manifest.lock */,
				5B5C3DF92287B9D800E8C046 /* Sources */,
				5B5C3DFA2287B9D800E8C046 /* Frameworks */,
				5B5C3DFB2287B9D800E8C046 /* Resources */,
				6E360CC4C2842365205ED584 /* [CP] Copy Pods Resources */,
			);
			buildRules = (
			);
			dependencies = (
			);
			name = "百思不得姐";
			productName = "百思不得姐";
			productReference = 5B5C3DFD2287B9D800E8C046 /* 百思不得姐.app */;
			productType = "com.apple.product-type.application";
		};
		5B5C3E142287B9DA00E8C046 /* 百思不得姐Tests */ = {
			isa = PBXNativeTarget;
			buildConfigurationList = 5B5C3E2C2287B9DA00E8C046 /* Build configuration list for PBXNativeTarget "百思不得姐Tests" */;
			buildPhases = (
				5B5C3E112287B9DA00E8C046 /* Sources */,
				5B5C3E122287B9DA00E8C046 /* Frameworks */,
				5B5C3E132287B9DA00E8C046 /* Resources */,
			);
			buildRules = (
			);
			dependencies = (
				5B5C3E172287B9DA00E8C046 /* PBXTargetDependency */,
			);
			name = "百思不得姐Tests";
			productName = "百思不得姐Tests";
			productReference = 5B5C3E152287B9DA00E8C046 /* 百思不得姐Tests.xctest */;
			productType = "com.apple.product-type.bundle.unit-test";
		};
		5B5C3E1F2287B9DA00E8C046 /* 百思不得姐UITests */ = {
			isa = PBXNativeTarget;
			buildConfigurationList = 5B5C3E2F2287B9DA00E8C046 /* Build configuration list for PBXNativeTarget "百思不得姐UITests" */;
			buildPhases = (
				5B5C3E1C2287B9DA00E8C046 /* Sources */,
				5B5C3E1D2287B9DA00E8C046 /* Frameworks */,
				5B5C3E1E2287B9DA00E8C046 /* Resources */,
			);
			buildRules = (
			);
			dependencies = (
				5B5C3E222287B9DA00E8C046 /* PBXTargetDependency */,
			);
			name = "百思不得姐UITests";
			productName = "百思不得姐UITests";
			productReference = 5B5C3E202287B9DA00E8C046 /* 百思不得姐UITests.xctest */;
			productType = "com.apple.product-type.bundle.ui-testing";
		};
/* End PBXNativeTarget section */

/* Begin PBXProject section */
		5B5C3DF52287B9D800E8C046 /* Project object */ = {
			isa = PBXProject;
			attributes = {
				CLASSPREFIX = XMG;
				LastUpgradeCheck = 1020;
				ORGANIZATIONNAME = XieHenry;
				TargetAttributes = {
					5B5C3DFC2287B9D800E8C046 = {
						CreatedOnToolsVersion = 10.2.1;
					};
					5B5C3E142287B9DA00E8C046 = {
						CreatedOnToolsVersion = 10.2.1;
						TestTargetID = 5B5C3DFC2287B9D800E8C046;
					};
					5B5C3E1F2287B9DA00E8C046 = {
						CreatedOnToolsVersion = 10.2.1;
						TestTargetID = 5B5C3DFC2287B9D800E8C046;
					};
				};
			};
			buildConfigurationList = 5B5C3DF82287B9D800E8C046 /* Build configuration list for PBXProject "百思不得姐" */;
			compatibilityVersion = "Xcode 9.3";
			developmentRegion = en;
			hasScannedForEncodings = 0;
			knownRegions = (
				en,
				Base,
			);
			mainGroup = 5B5C3DF42287B9D800E8C046;
			productRefGroup = 5B5C3DFE2287B9D800E8C046 /* Products */;
			projectDirPath = "";
			projectRoot = "";
			targets = (
				5B5C3DFC2287B9D800E8C046 /* 百思不得姐 */,
				5B5C3E142287B9DA00E8C046 /* 百思不得姐Tests */,
				5B5C3E1F2287B9DA00E8C046 /* 百思不得姐UITests */,
			);
		};
/* End PBXProject section */

/* Begin PBXResourcesBuildPhase section */
		5B5C3DFB2287B9D800E8C046 /* Resources */ = {
			isa = PBXResourcesBuildPhase;
			buildActionMask = 2147483647;
			files = (
				5B5C3E0D2287B9DA00E8C046 /* LaunchScreen.storyboard in Resources */,
				5B5C3E0A2287B9DA00E8C046 /* Assets.xcassets in Resources */,
				5B328530228D3DCE00351A14 /* XMGLoginRegisterViewController.xib in Resources */,
				5B5C3E082287B9D800E8C046 /* Main.storyboard in Resources */,
				5BD032A1228C3A7A00CFAC35 /* XMGFriendTrendsViewController.xib in Resources */,
			);
			runOnlyForDeploymentPostprocessing = 0;
		};
		5B5C3E132287B9DA00E8C046 /* Resources */ = {
			isa = PBXResourcesBuildPhase;
			buildActionMask = 2147483647;
			files = (
			);
			runOnlyForDeploymentPostprocessing = 0;
		};
		5B5C3E1E2287B9DA00E8C046 /* Resources */ = {
			isa = PBXResourcesBuildPhase;
			buildActionMask = 2147483647;
			files = (
			);
			runOnlyForDeploymentPostprocessing = 0;
		};
/* End PBXResourcesBuildPhase section */

/* Begin PBXShellScriptBuildPhase section */
		00A311C1DD28DE81E4380F08 /* [CP] Check Pods Manifest.lock */ = {
			isa = PBXShellScriptBuildPhase;
			buildActionMask = 2147483647;
			files = (
			);
			inputFileListPaths = (
			);
			inputPaths = (
				"${PODS_PODFILE_DIR_PATH}/Podfile.lock",
				"${PODS_ROOT}/Manifest.lock",
			);
			name = "[CP] Check Pods Manifest.lock";
			outputFileListPaths = (
			);
			outputPaths = (
				"$(DERIVED_FILE_DIR)/Pods-百思不得姐-checkManifestLockResult.txt",
			);
			runOnlyForDeploymentPostprocessing = 0;
			shellPath = /bin/sh;
			shellScript = "diff \"${PODS_PODFILE_DIR_PATH}/Podfile.lock\" \"${PODS_ROOT}/Manifest.lock\" > /dev/null\nif [ $? != 0 ] ; then\n    # print error to STDERR\n    echo \"error: The sandbox is not in sync with the Podfile.lock. Run 'pod install' or update your CocoaPods installation.\" >&2\n    exit 1\nfi\n# This output is used by Xcode 'outputs' to avoid re-running this script phase.\necho \"SUCCESS\" > \"${SCRIPT_OUTPUT_FILE_0}\"\n";
			showEnvVarsInLog = 0;
		};
		6E360CC4C2842365205ED584 /* [CP] Copy Pods Resources */ = {
			isa = PBXShellScriptBuildPhase;
			buildActionMask = 2147483647;
			files = (
			);
			inputFileListPaths = (
			);
			inputPaths = (
				"${SRCROOT}/Pods/Target Support Files/Pods-百思不得姐/Pods-百思不得姐-resources.sh",
				"${PODS_ROOT}/MJRefresh/MJRefresh/MJRefresh.bundle",
				"${PODS_ROOT}/SVProgressHUD/SVProgressHUD/SVProgressHUD.bundle",
			);
			name = "[CP] Copy Pods Resources";
			outputFileListPaths = (
			);
			outputPaths = (
				"${TARGET_BUILD_DIR}/${UNLOCALIZED_RESOURCES_FOLDER_PATH}/MJRefresh.bundle",
				"${TARGET_BUILD_DIR}/${UNLOCALIZED_RESOURCES_FOLDER_PATH}/SVProgressHUD.bundle",
			);
			runOnlyForDeploymentPostprocessing = 0;
			shellPath = /bin/sh;
			shellScript = "\"${SRCROOT}/Pods/Target Support Files/Pods-百思不得姐/Pods-百思不得姐-resources.sh\"\n";
			showEnvVarsInLog = 0;
		};
/* End PBXShellScriptBuildPhase section */

/* Begin PBXSourcesBuildPhase section */
		5B5C3DF92287B9D800E8C046 /* Sources */ = {
			isa = PBXSourcesBuildPhase;
			buildActionMask = 2147483647;
			files = (
				5BB3E0BF228ADA220006C0AB /* XMGEssenceViewController.m in Sources */,
				5BB3E0BC228AA77F0006C0AB /* XMGTabBar.m in Sources */,
				5B952DFF22882D64006BE88B /* XMGTabBarController.m in Sources */,
				5BD0329D228BC3D000CFAC35 /* XMGRecommendFollowViewController.m in Sources */,
				5B952E0222883AD6006BE88B /* XMGViewController.m in Sources */,
				5B5C3E102287B9DA00E8C046 /* main.m in Sources */,
				5B32852F228D3DCE00351A14 /* XMGLoginRegisterViewController.m in Sources */,
				5BB3E0C5228ADA3A0006C0AB /* XMGFriendTrendsViewController.m in Sources */,
				5BB3E0C8228ADA470006C0AB /* XMGMeViewController.m in Sources */,
				5BB3E0C2228ADA2F0006C0AB /* XMGNewViewController.m in Sources */,
				5BB3E0DB228AE6110006C0AB /* UIView+Layout.m in Sources */,
				5BB3E0D8228AE38A0006C0AB /* XMGNavigationController.m in Sources */,
				5B5C3E022287B9D800E8C046 /* AppDelegate.m in Sources */,
				5BB3E0DF228AEDE50006C0AB /* UIBarButtonItem+XMGExtension.m in Sources */,
			);
			runOnlyForDeploymentPostprocessing = 0;
		};
		5B5C3E112287B9DA00E8C046 /* Sources */ = {
			isa = PBXSourcesBuildPhase;
			buildActionMask = 2147483647;
			files = (
				5B5C3E1A2287B9DA00E8C046 /* _____Tests.m in Sources */,
			);
			runOnlyForDeploymentPostprocessing = 0;
		};
		5B5C3E1C2287B9DA00E8C046 /* Sources */ = {
			isa = PBXSourcesBuildPhase;
			buildActionMask = 2147483647;
			files = (
				5B5C3E252287B9DA00E8C046 /* _____UITests.m in Sources */,
			);
			runOnlyForDeploymentPostprocessing = 0;
		};
/* End PBXSourcesBuildPhase section */

/* Begin PBXTargetDependency section */
		5B5C3E172287B9DA00E8C046 /* PBXTargetDependency */ = {
			isa = PBXTargetDependency;
			target = 5B5C3DFC2287B9D800E8C046 /* 百思不得姐 */;
			targetProxy = 5B5C3E162287B9DA00E8C046 /* PBXContainerItemProxy */;
		};
		5B5C3E222287B9DA00E8C046 /* PBXTargetDependency */ = {
			isa = PBXTargetDependency;
			target = 5B5C3DFC2287B9D800E8C046 /* 百思不得姐 */;
			targetProxy = 5B5C3E212287B9DA00E8C046 /* PBXContainerItemProxy */;
		};
/* End PBXTargetDependency section */

/* Begin PBXVariantGroup section */
		5B5C3E062287B9D800E8C046 /* Main.storyboard */ = {
			isa = PBXVariantGroup;
			children = (
				5B5C3E072287B9D800E8C046 /* Base */,
			);
			name = Main.storyboard;
			sourceTree = "<group>";
		};
		5B5C3E0B2287B9DA00E8C046 /* LaunchScreen.storyboard */ = {
			isa = PBXVariantGroup;
			children = (
				5B5C3E0C2287B9DA00E8C046 /* Base */,
			);
			name = LaunchScreen.storyboard;
			sourceTree = "<group>";
		};
/* End PBXVariantGroup section */

/* Begin XCBuildConfiguration section */
		5B5C3E272287B9DA00E8C046 /* Debug */ = {
			isa = XCBuildConfiguration;
			buildSettings = {
				ALWAYS_SEARCH_USER_PATHS = NO;
				CLANG_ANALYZER_NONNULL = YES;
				CLANG_ANALYZER_NUMBER_OBJECT_CONVERSION = YES_AGGRESSIVE;
				CLANG_CXX_LANGUAGE_STANDARD = "gnu++14";
				CLANG_CXX_LIBRARY = "libc++";
				CLANG_ENABLE_MODULES = YES;
				CLANG_ENABLE_OBJC_ARC = YES;
				CLANG_ENABLE_OBJC_WEAK = YES;
				CLANG_WARN_BLOCK_CAPTURE_AUTORELEASING = YES;
				CLANG_WARN_BOOL_CONVERSION = YES;
				CLANG_WARN_COMMA = YES;
				CLANG_WARN_CONSTANT_CONVERSION = YES;
				CLANG_WARN_DEPRECATED_OBJC_IMPLEMENTATIONS = YES;
				CLANG_WARN_DIRECT_OBJC_ISA_USAGE = YES_ERROR;
				CLANG_WARN_DOCUMENTATION_COMMENTS = YES;
				CLANG_WARN_EMPTY_BODY = YES;
				CLANG_WARN_ENUM_CONVERSION = YES;
				CLANG_WARN_INFINITE_RECURSION = YES;
				CLANG_WARN_INT_CONVERSION = YES;
				CLANG_WARN_NON_LITERAL_NULL_CONVERSION = YES;
				CLANG_WARN_OBJC_IMPLICIT_RETAIN_SELF = YES;
				CLANG_WARN_OBJC_LITERAL_CONVERSION = YES;
				CLANG_WARN_OBJC_ROOT_CLASS = YES_ERROR;
				CLANG_WARN_RANGE_LOOP_ANALYSIS = YES;
				CLANG_WARN_STRICT_PROTOTYPES = YES;
				CLANG_WARN_SUSPICIOUS_MOVE = YES;
				CLANG_WARN_UNGUARDED_AVAILABILITY = YES_AGGRESSIVE;
				CLANG_WARN_UNREACHABLE_CODE = YES;
				CLANG_WARN__DUPLICATE_METHOD_MATCH = YES;
				CODE_SIGN_IDENTITY = "iPhone Developer";
				COPY_PHASE_STRIP = NO;
				DEBUG_INFORMATION_FORMAT = dwarf;
				ENABLE_STRICT_OBJC_MSGSEND = YES;
				ENABLE_TESTABILITY = YES;
				GCC_C_LANGUAGE_STANDARD = gnu11;
				GCC_DYNAMIC_NO_PIC = NO;
				GCC_INCREASE_PRECOMPILED_HEADER_SHARING = NO;
				GCC_NO_COMMON_BLOCKS = YES;
				GCC_OPTIMIZATION_LEVEL = 0;
				GCC_PRECOMPILE_PREFIX_HEADER = NO;
				GCC_PREFIX_HEADER = "";
				GCC_PREPROCESSOR_DEFINITIONS = (
					"DEBUG=1",
					"$(inherited)",
				);
				GCC_WARN_64_TO_32_BIT_CONVERSION = YES;
				GCC_WARN_ABOUT_RETURN_TYPE = YES_ERROR;
				GCC_WARN_UNDECLARED_SELECTOR = YES;
				GCC_WARN_UNINITIALIZED_AUTOS = YES_AGGRESSIVE;
				GCC_WARN_UNUSED_FUNCTION = YES;
				GCC_WARN_UNUSED_VARIABLE = YES;
				IPHONEOS_DEPLOYMENT_TARGET = 12.2;
				MTL_ENABLE_DEBUG_INFO = INCLUDE_SOURCE;
				MTL_FAST_MATH = YES;
				ONLY_ACTIVE_ARCH = YES;
				SDKROOT = iphoneos;
			};
			name = Debug;
		};
		5B5C3E282287B9DA00E8C046 /* Release */ = {
			isa = XCBuildConfiguration;
			buildSettings = {
				ALWAYS_SEARCH_USER_PATHS = NO;
				CLANG_ANALYZER_NONNULL = YES;
				CLANG_ANALYZER_NUMBER_OBJECT_CONVERSION = YES_AGGRESSIVE;
				CLANG_CXX_LANGUAGE_STANDARD = "gnu++14";
				CLANG_CXX_LIBRARY = "libc++";
				CLANG_ENABLE_MODULES = YES;
				CLANG_ENABLE_OBJC_ARC = YES;
				CLANG_ENABLE_OBJC_WEAK = YES;
				CLANG_WARN_BLOCK_CAPTURE_AUTORELEASING = YES;
				CLANG_WARN_BOOL_CONVERSION = YES;
				CLANG_WARN_COMMA = YES;
				CLANG_WARN_CONSTANT_CONVERSION = YES;
				CLANG_WARN_DEPRECATED_OBJC_IMPLEMENTATIONS = YES;
				CLANG_WARN_DIRECT_OBJC_ISA_USAGE = YES_ERROR;
				CLANG_WARN_DOCUMENTATION_COMMENTS = YES;
				CLANG_WARN_EMPTY_BODY = YES;
				CLANG_WARN_ENUM_CONVERSION = YES;
				CLANG_WARN_INFINITE_RECURSION = YES;
				CLANG_WARN_INT_CONVERSION = YES;
				CLANG_WARN_NON_LITERAL_NULL_CONVERSION = YES;
				CLANG_WARN_OBJC_IMPLICIT_RETAIN_SELF = YES;
				CLANG_WARN_OBJC_LITERAL_CONVERSION = YES;
				CLANG_WARN_OBJC_ROOT_CLASS = YES_ERROR;
				CLANG_WARN_RANGE_LOOP_ANALYSIS = YES;
				CLANG_WARN_STRICT_PROTOTYPES = YES;
				CLANG_WARN_SUSPICIOUS_MOVE = YES;
				CLANG_WARN_UNGUARDED_AVAILABILITY = YES_AGGRESSIVE;
				CLANG_WARN_UNREACHABLE_CODE = YES;
				CLANG_WARN__DUPLICATE_METHOD_MATCH = YES;
				CODE_SIGN_IDENTITY = "iPhone Developer";
				COPY_PHASE_STRIP = NO;
				DEBUG_INFORMATION_FORMAT = "dwarf-with-dsym";
				ENABLE_NS_ASSERTIONS = NO;
				ENABLE_STRICT_OBJC_MSGSEND = YES;
				GCC_C_LANGUAGE_STANDARD = gnu11;
				GCC_INCREASE_PRECOMPILED_HEADER_SHARING = NO;
				GCC_NO_COMMON_BLOCKS = YES;
				GCC_PRECOMPILE_PREFIX_HEADER = NO;
				GCC_PREFIX_HEADER = "";
				GCC_WARN_64_TO_32_BIT_CONVERSION = YES;
				GCC_WARN_ABOUT_RETURN_TYPE = YES_ERROR;
				GCC_WARN_UNDECLARED_SELECTOR = YES;
				GCC_WARN_UNINITIALIZED_AUTOS = YES_AGGRESSIVE;
				GCC_WARN_UNUSED_FUNCTION = YES;
				GCC_WARN_UNUSED_VARIABLE = YES;
				IPHONEOS_DEPLOYMENT_TARGET = 12.2;
				MTL_ENABLE_DEBUG_INFO = NO;
				MTL_FAST_MATH = YES;
				SDKROOT = iphoneos;
				VALIDATE_PRODUCT = YES;
			};
			name = Release;
		};
		5B5C3E2A2287B9DA00E8C046 /* Debug */ = {
			isa = XCBuildConfiguration;
			baseConfigurationReference = 4DE33C3828947D7BA4337671 /* Pods-百思不得姐.debug.xcconfig */;
			buildSettings = {
				ASSETCATALOG_COMPILER_APPICON_NAME = AppIcon;
				ASSETCATALOG_COMPILER_LAUNCHIMAGE_NAME = LaunchImage;
				CODE_SIGN_STYLE = Automatic;
				DEVELOPMENT_TEAM = YZK33WLG48;
				GCC_INCREASE_PRECOMPILED_HEADER_SHARING = YES;
				GCC_PRECOMPILE_PREFIX_HEADER = YES;
				GCC_PREFIX_HEADER = "$(SRCROOT)/百思不得姐/Supporting Files/PrefixHeader.pch";
				INFOPLIST_FILE = "$(SRCROOT)/百思不得姐/Supporting Files/Info.plist";
				IPHONEOS_DEPLOYMENT_TARGET = 9.0;
				LD_RUNPATH_SEARCH_PATHS = (
					"$(inherited)",
					"@executable_path/Frameworks",
				);
				PRODUCT_BUNDLE_IDENTIFIER = com.xiehenry.baisibudejie;
				PRODUCT_NAME = "$(TARGET_NAME)";
				TARGETED_DEVICE_FAMILY = "1,2";
			};
			name = Debug;
		};
		5B5C3E2B2287B9DA00E8C046 /* Release */ = {
			isa = XCBuildConfiguration;
			baseConfigurationReference = EF67C36E3BBF14F734066AC6 /* Pods-百思不得姐.release.xcconfig */;
			buildSettings = {
				ASSETCATALOG_COMPILER_APPICON_NAME = AppIcon;
				ASSETCATALOG_COMPILER_LAUNCHIMAGE_NAME = LaunchImage;
				CODE_SIGN_STYLE = Automatic;
				DEVELOPMENT_TEAM = YZK33WLG48;
				GCC_INCREASE_PRECOMPILED_HEADER_SHARING = YES;
				GCC_PRECOMPILE_PREFIX_HEADER = YES;
				GCC_PREFIX_HEADER = "$(SRCROOT)/百思不得姐/Supporting Files/PrefixHeader.pch";
				INFOPLIST_FILE = "$(SRCROOT)/百思不得姐/Supporting Files/Info.plist";
				IPHONEOS_DEPLOYMENT_TARGET = 9.0;
				LD_RUNPATH_SEARCH_PATHS = (
					"$(inherited)",
					"@executable_path/Frameworks",
				);
				PRODUCT_BUNDLE_IDENTIFIER = com.xiehenry.baisibudejie;
				PRODUCT_NAME = "$(TARGET_NAME)";
				TARGETED_DEVICE_FAMILY = "1,2";
			};
			name = Release;
		};
		5B5C3E2D2287B9DA00E8C046 /* Debug */ = {
			isa = XCBuildConfiguration;
			buildSettings = {
				BUNDLE_LOADER = "$(TEST_HOST)";
				CODE_SIGN_STYLE = Automatic;
				INFOPLIST_FILE = "百思不得姐Tests/Info.plist";
				IPHONEOS_DEPLOYMENT_TARGET = 9.0;
				LD_RUNPATH_SEARCH_PATHS = (
					"$(inherited)",
					"@executable_path/Frameworks",
					"@loader_path/Frameworks",
				);
				PRODUCT_BUNDLE_IDENTIFIER = "com.xiehenry.baisibudejie.-----Tests";
				PRODUCT_NAME = "$(TARGET_NAME)";
				TARGETED_DEVICE_FAMILY = "1,2";
				TEST_HOST = "$(BUILT_PRODUCTS_DIR)/百思不得姐.app/百思不得姐";
			};
			name = Debug;
		};
		5B5C3E2E2287B9DA00E8C046 /* Release */ = {
			isa = XCBuildConfiguration;
			buildSettings = {
				BUNDLE_LOADER = "$(TEST_HOST)";
				CODE_SIGN_STYLE = Automatic;
				INFOPLIST_FILE = "百思不得姐Tests/Info.plist";
				IPHONEOS_DEPLOYMENT_TARGET = 9.0;
				LD_RUNPATH_SEARCH_PATHS = (
					"$(inherited)",
					"@executable_path/Frameworks",
					"@loader_path/Frameworks",
				);
				PRODUCT_BUNDLE_IDENTIFIER = "com.xiehenry.baisibudejie.-----Tests";
				PRODUCT_NAME = "$(TARGET_NAME)";
				TARGETED_DEVICE_FAMILY = "1,2";
				TEST_HOST = "$(BUILT_PRODUCTS_DIR)/百思不得姐.app/百思不得姐";
			};
			name = Release;
		};
		5B5C3E302287B9DA00E8C046 /* Debug */ = {
			isa = XCBuildConfiguration;
			buildSettings = {
				CODE_SIGN_STYLE = Automatic;
				GCC_PREFIX_HEADER = "";
				INFOPLIST_FILE = "百思不得姐UITests/Info.plist";
				IPHONEOS_DEPLOYMENT_TARGET = 9.0;
				LD_RUNPATH_SEARCH_PATHS = (
					"$(inherited)",
					"@executable_path/Frameworks",
					"@loader_path/Frameworks",
				);
				PRODUCT_BUNDLE_IDENTIFIER = "com.xiehenry.baisibudejie.-----UITests";
				PRODUCT_NAME = "$(TARGET_NAME)";
				TARGETED_DEVICE_FAMILY = "1,2";
				TEST_TARGET_NAME = "百思不得姐";
			};
			name = Debug;
		};
		5B5C3E312287B9DA00E8C046 /* Release */ = {
			isa = XCBuildConfiguration;
			buildSettings = {
				CODE_SIGN_STYLE = Automatic;
				GCC_PREFIX_HEADER = "";
				INFOPLIST_FILE = "百思不得姐UITests/Info.plist";
				IPHONEOS_DEPLOYMENT_TARGET = 9.0;
				LD_RUNPATH_SEARCH_PATHS = (
					"$(inherited)",
					"@executable_path/Frameworks",
					"@loader_path/Frameworks",
				);
				PRODUCT_BUNDLE_IDENTIFIER = "com.xiehenry.baisibudejie.-----UITests";
				PRODUCT_NAME = "$(TARGET_NAME)";
				TARGETED_DEVICE_FAMILY = "1,2";
				TEST_TARGET_NAME = "百思不得姐";
			};
			name = Release;
		};
/* End XCBuildConfiguration section */

/* Begin XCConfigurationList section */
		5B5C3DF82287B9D800E8C046 /* Build configuration list for PBXProject "百思不得姐" */ = {
			isa = XCConfigurationList;
			buildConfigurations = (
				5B5C3E272287B9DA00E8C046 /* Debug */,
				5B5C3E282287B9DA00E8C046 /* Release */,
			);
			defaultConfigurationIsVisible = 0;
			defaultConfigurationName = Release;
		};
		5B5C3E292287B9DA00E8C046 /* Build configuration list for PBXNativeTarget "百思不得姐" */ = {
			isa = XCConfigurationList;
			buildConfigurations = (
				5B5C3E2A2287B9DA00E8C046 /* Debug */,
				5B5C3E2B2287B9DA00E8C046 /* Release */,
			);
			defaultConfigurationIsVisible = 0;
			defaultConfigurationName = Release;
		};
		5B5C3E2C2287B9DA00E8C046 /* Build configuration list for PBXNativeTarget "百思不得姐Tests" */ = {
			isa = XCConfigurationList;
			buildConfigurations = (
				5B5C3E2D2287B9DA00E8C046 /* Debug */,
				5B5C3E2E2287B9DA00E8C046 /* Release */,
			);
			defaultConfigurationIsVisible = 0;
			defaultConfigurationName = Release;
		};
		5B5C3E2F2287B9DA00E8C046 /* Build configuration list for PBXNativeTarget "百思不得姐UITests" */ = {
			isa = XCConfigurationList;
			buildConfigurations = (
				5B5C3E302287B9DA00E8C046 /* Debug */,
				5B5C3E312287B9DA00E8C046 /* Release */,
			);
			defaultConfigurationIsVisible = 0;
			defaultConfigurationName = Release;
		};
/* End XCConfigurationList section */
	};
	rootObject = 5B5C3DF52287B9D800E8C046 /* Project object */;
}
